
Microsoft Visual Studio Solution File, Format Version 12.00
# Visual Studio Version 17
VisualStudioVersion = 17.11.35303.130
MinimumVisualStudioVersion = 10.0.40219.1
Project("{FAE04EC0-301F-11D3-BF4B-00C04F79EFBC}") = "SistemaSeguroVeiculos", "SistemaSeguroVeiculos\SistemaSeguroVeiculos.csproj", "{F9BA06A0-6987-4492-8CFD-54FFAD94E558}"
EndProject
Global
	GlobalSection(SolutionConfigurationPlatforms) = preSolution
		Debug|Any CPU = Debug|Any CPU
		Release|Any CPU = Release|Any CPU
	EndGlobalSection
	GlobalSection(ProjectConfigurationPlatforms) = postSolution
		{F9BA06A0-6987-4492-8CFD-54FFAD94E558}.Debug|Any CPU.ActiveCfg = Debug|Any CPU
		{F9BA06A0-6987-4492-8CFD-54FFAD94E558}.Debug|Any CPU.Build.0 = Debug|Any CPU
		{F9BA06A0-6987-4492-8CFD-54FFAD94E558}.Release|Any CPU.ActiveCfg = Release|Any CPU
		{F9BA06A0-6987-4492-8CFD-54FFAD94E558}.Release|Any CPU.Build.0 = Release|Any CPU
	EndGlobalSection
	GlobalSection(SolutionProperties) = preSolution
		HideSolutionNode = FALSE
	EndGlobalSection
	GlobalSection(ExtensibilityGlobals) = postSolution
		SolutionGuid = {DB9DCB37-686A-48C7-813E-D79C99C19C7F}
	EndGlobalSection
EndGlobal
